
Microsoft Visual Studio Solution File, Format Version 12.00
# Visual Studio 15
VisualStudioVersion = 15.0.26430.16
MinimumVisualStudioVersion = 10.0.40219.1
Project("{9A19103F-16F7-4668-BE54-9A1E7A4F7556}") = "AhvazpmuApi", "AhvazpmuApi\AhvazpmuApi.csproj", "{6A53171C-3435-4775-829B-6AE782A439EC}"
EndProject
Project("{FAE04EC0-301F-11D3-BF4B-00C04F79EFBC}") = "AhvazpmuPortable.Android", "AhvazpmuPortable\AhvazpmuPortable.Android\AhvazpmuPortable.Android.csproj", "{0D81D298-B9EC-4D3C-AE20-15A662430BA1}"
EndProject
Project("{FAE04EC0-301F-11D3-BF4B-00C04F79EFBC}") = "AhvazpmuPortable", "AhvazpmuPortable\AhvazpmuPortable\AhvazpmuPortable.csproj", "{6265DC6C-B268-4A12-8B83-9BD808DA0308}"
EndProject
Project("{FAE04EC0-301F-11D3-BF4B-00C04F79EFBC}") = "AhvazpmuPortable.UWP", "AhvazpmuPortable\AhvazpmuPortable.UWP\AhvazpmuPortable.UWP.csproj", "{508407E7-FCC3-49E7-BE65-6A5D352B3E4B}"
EndProject
Project("{FAE04EC0-301F-11D3-BF4B-00C04F79EFBC}") = "AhvazpmuPortable.iOS", "AhvazpmuPortable\AhvazpmuPortable.iOS\AhvazpmuPortable.iOS.csproj", "{BD08F472-46F4-4491-AC3C-F527215F12DA}"
EndProject
Global
	GlobalSection(SolutionConfigurationPlatforms) = preSolution
		Ad-Hoc|Any CPU = Ad-Hoc|Any CPU
		Ad-Hoc|ARM = Ad-Hoc|ARM
		Ad-Hoc|iPhone = Ad-Hoc|iPhone
		Ad-Hoc|iPhoneSimulator = Ad-Hoc|iPhoneSimulator
		Ad-Hoc|x64 = Ad-Hoc|x64
		Ad-Hoc|x86 = Ad-Hoc|x86
		AppStore|Any CPU = AppStore|Any CPU
		AppStore|ARM = AppStore|ARM
		AppStore|iPhone = AppStore|iPhone
		AppStore|iPhoneSimulator = AppStore|iPhoneSimulator
		AppStore|x64 = AppStore|x64
		AppStore|x86 = AppStore|x86
		Debug|Any CPU = Debug|Any CPU
		Debug|ARM = Debug|ARM
		Debug|iPhone = Debug|iPhone
		Debug|iPhoneSimulator = Debug|iPhoneSimulator
		Debug|x64 = Debug|x64
		Debug|x86 = Debug|x86
		Release|Any CPU = Release|Any CPU
		Release|ARM = Release|ARM
		Release|iPhone = Release|iPhone
		Release|iPhoneSimulator = Release|iPhoneSimulator
		Release|x64 = Release|x64
		Release|x86 = Release|x86
	EndGlobalSection
	GlobalSection(ProjectConfigurationPlatforms) = postSolution
		{6A53171C-3435-4775-829B-6AE782A439EC}.Ad-Hoc|Any CPU.ActiveCfg = Release|Any CPU
		{6A53171C-3435-4775-829B-6AE782A439EC}.Ad-Hoc|Any CPU.Build.0 = Release|Any CPU
		{6A53171C-3435-4775-829B-6AE782A439EC}.Ad-Hoc|ARM.ActiveCfg = Release|Any CPU
		{6A53171C-3435-4775-829B-6AE782A439EC}.Ad-Hoc|ARM.Build.0 = Release|Any CPU
		{6A53171C-3435-4775-829B-6AE782A439EC}.Ad-Hoc|iPhone.ActiveCfg = Release|Any CPU
		{6A53171C-3435-4775-829B-6AE782A439EC}.Ad-Hoc|iPhone.Build.0 = Release|Any CPU
		{6A53171C-3435-4775-829B-6AE782A439EC}.Ad-Hoc|iPhoneSimulator.ActiveCfg = Release|Any CPU
		{6A53171C-3435-4775-829B-6AE782A439EC}.Ad-Hoc|iPhoneSimulator.Build.0 = Release|Any CPU
		{6A53171C-3435-4775-829B-6AE782A439EC}.Ad-Hoc|x64.ActiveCfg = Release|Any CPU
		{6A53171C-3435-4775-829B-6AE782A439EC}.Ad-Hoc|x64.Build.0 = Release|Any CPU
		{6A53171C-3435-4775-829B-6AE782A439EC}.Ad-Hoc|x86.ActiveCfg = Release|Any CPU
		{6A53171C-3435-4775-829B-6AE782A439EC}.Ad-Hoc|x86.Build.0 = Release|Any CPU
		{6A53171C-3435-4775-829B-6AE782A439EC}.AppStore|Any CPU.ActiveCfg = Release|Any CPU
		{6A53171C-3435-4775-829B-6AE782A439EC}.AppStore|Any CPU.Build.0 = Release|Any CPU
		{6A53171C-3435-4775-829B-6AE782A439EC}.AppStore|ARM.ActiveCfg = Release|Any CPU
		{6A53171C-3435-4775-829B-6AE782A439EC}.AppStore|ARM.Build.0 = Release|Any CPU
		{6A53171C-3435-4775-829B-6AE782A439EC}.AppStore|iPhone.ActiveCfg = Release|Any CPU
		{6A53171C-3435-4775-829B-6AE782A439EC}.AppStore|iPhone.Build.0 = Release|Any CPU
		{6A53171C-3435-4775-829B-6AE782A439EC}.AppStore|iPhoneSimulator.ActiveCfg = Release|Any CPU
		{6A53171C-3435-4775-829B-6AE782A439EC}.AppStore|iPhoneSimulator.Build.0 = Release|Any CPU
		{6A53171C-3435-4775-829B-6AE782A439EC}.AppStore|x64.ActiveCfg = Release|Any CPU
		{6A53171C-3435-4775-829B-6AE782A439EC}.AppStore|x64.Build.0 = Release|Any CPU
		{6A53171C-3435-4775-829B-6AE782A439EC}.AppStore|x86.ActiveCfg = Release|Any CPU
		{6A53171C-3435-4775-829B-6AE782A439EC}.AppStore|x86.Build.0 = Release|Any CPU
		{6A53171C-3435-4775-829B-6AE782A439EC}.Debug|Any CPU.ActiveCfg = Debug|Any CPU
		{6A53171C-3435-4775-829B-6AE782A439EC}.Debug|Any CPU.Build.0 = Debug|Any CPU
		{6A53171C-3435-4775-829B-6AE782A439EC}.Debug|ARM.ActiveCfg = Debug|Any CPU
		{6A53171C-3435-4775-829B-6AE782A439EC}.Debug|ARM.Build.0 = Debug|Any CPU
		{6A53171C-3435-4775-829B-6AE782A439EC}.Debug|iPhone.ActiveCfg = Debug|Any CPU
		{6A53171C-3435-4775-829B-6AE782A439EC}.Debug|iPhone.Build.0 = Debug|Any CPU
		{6A53171C-3435-4775-829B-6AE782A439EC}.Debug|iPhoneSimulator.ActiveCfg = Debug|Any CPU
		{6A53171C-3435-4775-829B-6AE782A439EC}.Debug|iPhoneSimulator.Build.0 = Debug|Any CPU
		{6A53171C-3435-4775-829B-6AE782A439EC}.Debug|x64.ActiveCfg = Debug|Any CPU
		{6A53171C-3435-4775-829B-6AE782A439EC}.Debug|x64.Build.0 = Debug|Any CPU
		{6A53171C-3435-4775-829B-6AE782A439EC}.Debug|x86.ActiveCfg = Debug|Any CPU
		{6A53171C-3435-4775-829B-6AE782A439EC}.Debug|x86.Build.0 = Debug|Any CPU
		{6A53171C-3435-4775-829B-6AE782A439EC}.Release|Any CPU.ActiveCfg = Release|Any CPU
		{6A53171C-3435-4775-829B-6AE782A439EC}.Release|Any CPU.Build.0 = Release|Any CPU
		{6A53171C-3435-4775-829B-6AE782A439EC}.Release|ARM.ActiveCfg = Release|Any CPU
		{6A53171C-3435-4775-829B-6AE782A439EC}.Release|ARM.Build.0 = Release|Any CPU
		{6A53171C-3435-4775-829B-6AE782A439EC}.Release|iPhone.ActiveCfg = Release|Any CPU
		{6A53171C-3435-4775-829B-6AE782A439EC}.Release|iPhone.Build.0 = Release|Any CPU
		{6A53171C-3435-4775-829B-6AE782A439EC}.Release|iPhoneSimulator.ActiveCfg = Release|Any CPU
		{6A53171C-3435-4775-829B-6AE782A439EC}.Release|iPhoneSimulator.Build.0 = Release|Any CPU
		{6A53171C-3435-4775-829B-6AE782A439EC}.Release|x64.ActiveCfg = Release|Any CPU
		{6A53171C-3435-4775-829B-6AE782A439EC}.Release|x64.Build.0 = Release|Any CPU
		{6A53171C-3435-4775-829B-6AE782A439EC}.Release|x86.ActiveCfg = Release|Any CPU
		{6A53171C-3435-4775-829B-6AE782A439EC}.Release|x86.Build.0 = Release|Any CPU
		{0D81D298-B9EC-4D3C-AE20-15A662430BA1}.Ad-Hoc|Any CPU.ActiveCfg = Release|Any CPU
		{0D81D298-B9EC-4D3C-AE20-15A662430BA1}.Ad-Hoc|Any CPU.Build.0 = Release|Any CPU
		{0D81D298-B9EC-4D3C-AE20-15A662430BA1}.Ad-Hoc|Any CPU.Deploy.0 = Release|Any CPU
		{0D81D298-B9EC-4D3C-AE20-15A662430BA1}.Ad-Hoc|ARM.ActiveCfg = Release|Any CPU
		{0D81D298-B9EC-4D3C-AE20-15A662430BA1}.Ad-Hoc|ARM.Build.0 = Release|Any CPU
		{0D81D298-B9EC-4D3C-AE20-15A662430BA1}.Ad-Hoc|ARM.Deploy.0 = Release|Any CPU
		{0D81D298-B9EC-4D3C-AE20-15A662430BA1}.Ad-Hoc|iPhone.ActiveCfg = Release|Any CPU
		{0D81D298-B9EC-4D3C-AE20-15A662430BA1}.Ad-Hoc|iPhone.Build.0 = Release|Any CPU
		{0D81D298-B9EC-4D3C-AE20-15A662430BA1}.Ad-Hoc|iPhone.Deploy.0 = Release|Any CPU
		{0D81D298-B9EC-4D3C-AE20-15A662430BA1}.Ad-Hoc|iPhoneSimulator.ActiveCfg = Release|Any CPU
		{0D81D298-B9EC-4D3C-AE20-15A662430BA1}.Ad-Hoc|iPhoneSimulator.Build.0 = Release|Any CPU
		{0D81D298-B9EC-4D3C-AE20-15A662430BA1}.Ad-Hoc|iPhoneSimulator.Deploy.0 = Release|Any CPU
		{0D81D298-B9EC-4D3C-AE20-15A662430BA1}.Ad-Hoc|x64.ActiveCfg = Release|Any CPU
		{0D81D298-B9EC-4D3C-AE20-15A662430BA1}.Ad-Hoc|x64.Build.0 = Release|Any CPU
		{0D81D298-B9EC-4D3C-AE20-15A662430BA1}.Ad-Hoc|x64.Deploy.0 = Release|Any CPU
		{0D81D298-B9EC-4D3C-AE20-15A662430BA1}.Ad-Hoc|x86.ActiveCfg = Release|Any CPU
		{0D81D298-B9EC-4D3C-AE20-15A662430BA1}.Ad-Hoc|x86.Build.0 = Release|Any CPU
		{0D81D298-B9EC-4D3C-AE20-15A662430BA1}.Ad-Hoc|x86.Deploy.0 = Release|Any CPU
		{0D81D298-B9EC-4D3C-AE20-15A662430BA1}.AppStore|Any CPU.ActiveCfg = Release|Any CPU
		{0D81D298-B9EC-4D3C-AE20-15A662430BA1}.AppStore|Any CPU.Build.0 = Release|Any CPU
		{0D81D298-B9EC-4D3C-AE20-15A662430BA1}.AppStore|Any CPU.Deploy.0 = Release|Any CPU
		{0D81D298-B9EC-4D3C-AE20-15A662430BA1}.AppStore|ARM.ActiveCfg = Release|Any CPU
		{0D81D298-B9EC-4D3C-AE20-15A662430BA1}.AppStore|ARM.Build.0 = Release|Any CPU
		{0D81D298-B9EC-4D3C-AE20-15A662430BA1}.AppStore|ARM.Deploy.0 = Release|Any CPU
		{0D81D298-B9EC-4D3C-AE20-15A662430BA1}.AppStore|iPhone.ActiveCfg = Release|Any CPU
		{0D81D298-B9EC-4D3C-AE20-15A662430BA1}.AppStore|iPhone.Build.0 = Release|Any CPU
		{0D81D298-B9EC-4D3C-AE20-15A662430BA1}.AppStore|iPhone.Deploy.0 = Release|Any CPU
		{0D81D298-B9EC-4D3C-AE20-15A662430BA1}.AppStore|iPhoneSimulator.ActiveCfg = Release|Any CPU
		{0D81D298-B9EC-4D3C-AE20-15A662430BA1}.AppStore|iPhoneSimulator.Build.0 = Release|Any CPU
		{0D81D298-B9EC-4D3C-AE20-15A662430BA1}.AppStore|iPhoneSimulator.Deploy.0 = Release|Any CPU
		{0D81D298-B9EC-4D3C-AE20-15A662430BA1}.AppStore|x64.ActiveCfg = Release|Any CPU
		{0D81D298-B9EC-4D3C-AE20-15A662430BA1}.AppStore|x64.Build.0 = Release|Any CPU
		{0D81D298-B9EC-4D3C-AE20-15A662430BA1}.AppStore|x64.Deploy.0 = Release|Any CPU
		{0D81D298-B9EC-4D3C-AE20-15A662430BA1}.AppStore|x86.ActiveCfg = Release|Any CPU
		{0D81D298-B9EC-4D3C-AE20-15A662430BA1}.AppStore|x86.Build.0 = Release|Any CPU
		{0D81D298-B9EC-4D3C-AE20-15A662430BA1}.AppStore|x86.Deploy.0 = Release|Any CPU
		{0D81D298-B9EC-4D3C-AE20-15A662430BA1}.Debug|Any CPU.ActiveCfg = Debug|Any CPU
		{0D81D298-B9EC-4D3C-AE20-15A662430BA1}.Debug|Any CPU.Build.0 = Debug|Any CPU
		{0D81D298-B9EC-4D3C-AE20-15A662430BA1}.Debug|Any CPU.Deploy.0 = Debug|Any CPU
		{0D81D298-B9EC-4D3C-AE20-15A662430BA1}.Debug|ARM.ActiveCfg = Debug|Any CPU
		{0D81D298-B9EC-4D3C-AE20-15A662430BA1}.Debug|ARM.Build.0 = Debug|Any CPU
		{0D81D298-B9EC-4D3C-AE20-15A662430BA1}.Debug|ARM.Deploy.0 = Debug|Any CPU
		{0D81D298-B9EC-4D3C-AE20-15A662430BA1}.Debug|iPhone.ActiveCfg = Debug|Any CPU
		{0D81D298-B9EC-4D3C-AE20-15A662430BA1}.Debug|iPhone.Build.0 = Debug|Any CPU
		{0D81D298-B9EC-4D3C-AE20-15A662430BA1}.Debug|iPhone.Deploy.0 = Debug|Any CPU
		{0D81D298-B9EC-4D3C-AE20-15A662430BA1}.Debug|iPhoneSimulator.ActiveCfg = Debug|Any CPU
		{0D81D298-B9EC-4D3C-AE20-15A662430BA1}.Debug|iPhoneSimulator.Build.0 = Debug|Any CPU
		{0D81D298-B9EC-4D3C-AE20-15A662430BA1}.Debug|iPhoneSimulator.Deploy.0 = Debug|Any CPU
		{0D81D298-B9EC-4D3C-AE20-15A662430BA1}.Debug|x64.ActiveCfg = Debug|Any CPU
		{0D81D298-B9EC-4D3C-AE20-15A662430BA1}.Debug|x64.Build.0 = Debug|Any CPU
		{0D81D298-B9EC-4D3C-AE20-15A662430BA1}.Debug|x64.Deploy.0 = Debug|Any CPU
		{0D81D298-B9EC-4D3C-AE20-15A662430BA1}.Debug|x86.ActiveCfg = Debug|Any CPU
		{0D81D298-B9EC-4D3C-AE20-15A662430BA1}.Debug|x86.Build.0 = Debug|Any CPU
		{0D81D298-B9EC-4D3C-AE20-15A662430BA1}.Debug|x86.Deploy.0 = Debug|Any CPU
		{0D81D298-B9EC-4D3C-AE20-15A662430BA1}.Release|Any CPU.ActiveCfg = Release|Any CPU
		{0D81D298-B9EC-4D3C-AE20-15A662430BA1}.Release|Any CPU.Build.0 = Release|Any CPU
		{0D81D298-B9EC-4D3C-AE20-15A662430BA1}.Release|Any CPU.Deploy.0 = Release|Any CPU
		{0D81D298-B9EC-4D3C-AE20-15A662430BA1}.Release|ARM.ActiveCfg = Release|Any CPU
		{0D81D298-B9EC-4D3C-AE20-15A662430BA1}.Release|ARM.Build.0 = Release|Any CPU
		{0D81D298-B9EC-4D3C-AE20-15A662430BA1}.Release|ARM.Deploy.0 = Release|Any CPU
		{0D81D298-B9EC-4D3C-AE20-15A662430BA1}.Release|iPhone.ActiveCfg = Release|Any CPU
		{0D81D298-B9EC-4D3C-AE20-15A662430BA1}.Release|iPhone.Build.0 = Release|Any CPU
		{0D81D298-B9EC-4D3C-AE20-15A662430BA1}.Release|iPhone.Deploy.0 = Release|Any CPU
		{0D81D298-B9EC-4D3C-AE20-15A662430BA1}.Release|iPhoneSimulator.ActiveCfg = Release|Any CPU
		{0D81D298-B9EC-4D3C-AE20-15A662430BA1}.Release|iPhoneSimulator.Build.0 = Release|Any CPU
		{0D81D298-B9EC-4D3C-AE20-15A662430BA1}.Release|iPhoneSimulator.Deploy.0 = Release|Any CPU
		{0D81D298-B9EC-4D3C-AE20-15A662430BA1}.Release|x64.ActiveCfg = Release|Any CPU
		{0D81D298-B9EC-4D3C-AE20-15A662430BA1}.Release|x64.Build.0 = Release|Any CPU
		{0D81D298-B9EC-4D3C-AE20-15A662430BA1}.Release|x64.Deploy.0 = Release|Any CPU
		{0D81D298-B9EC-4D3C-AE20-15A662430BA1}.Release|x86.ActiveCfg = Release|Any CPU
		{0D81D298-B9EC-4D3C-AE20-15A662430BA1}.Release|x86.Build.0 = Release|Any CPU
		{0D81D298-B9EC-4D3C-AE20-15A662430BA1}.Release|x86.Deploy.0 = Release|Any CPU
		{6265DC6C-B268-4A12-8B83-9BD808DA0308}.Ad-Hoc|Any CPU.ActiveCfg = Release|Any CPU
		{6265DC6C-B268-4A12-8B83-9BD808DA0308}.Ad-Hoc|Any CPU.Build.0 = Release|Any CPU
		{6265DC6C-B268-4A12-8B83-9BD808DA0308}.Ad-Hoc|ARM.ActiveCfg = Release|Any CPU
		{6265DC6C-B268-4A12-8B83-9BD808DA0308}.Ad-Hoc|ARM.Build.0 = Release|Any CPU
		{6265DC6C-B268-4A12-8B83-9BD808DA0308}.Ad-Hoc|iPhone.ActiveCfg = Release|Any CPU
		{6265DC6C-B268-4A12-8B83-9BD808DA0308}.Ad-Hoc|iPhone.Build.0 = Release|Any CPU
		{6265DC6C-B268-4A12-8B83-9BD808DA0308}.Ad-Hoc|iPhoneSimulator.ActiveCfg = Release|Any CPU
		{6265DC6C-B268-4A12-8B83-9BD808DA0308}.Ad-Hoc|iPhoneSimulator.Build.0 = Release|Any CPU
		{6265DC6C-B268-4A12-8B83-9BD808DA0308}.Ad-Hoc|x64.ActiveCfg = Release|Any CPU
		{6265DC6C-B268-4A12-8B83-9BD808DA0308}.Ad-Hoc|x64.Build.0 = Release|Any CPU
		{6265DC6C-B268-4A12-8B83-9BD808DA0308}.Ad-Hoc|x86.ActiveCfg = Release|Any CPU
		{6265DC6C-B268-4A12-8B83-9BD808DA0308}.Ad-Hoc|x86.Build.0 = Release|Any CPU
		{6265DC6C-B268-4A12-8B83-9BD808DA0308}.AppStore|Any CPU.ActiveCfg = Release|Any CPU
		{6265DC6C-B268-4A12-8B83-9BD808DA0308}.AppStore|Any CPU.Build.0 = Release|Any CPU
		{6265DC6C-B268-4A12-8B83-9BD808DA0308}.AppStore|ARM.ActiveCfg = Release|Any CPU
		{6265DC6C-B268-4A12-8B83-9BD808DA0308}.AppStore|ARM.Build.0 = Release|Any CPU
		{6265DC6C-B268-4A12-8B83-9BD808DA0308}.AppStore|iPhone.ActiveCfg = Release|Any CPU
		{6265DC6C-B268-4A12-8B83-9BD808DA0308}.AppStore|iPhone.Build.0 = Release|Any CPU
		{6265DC6C-B268-4A12-8B83-9BD808DA0308}.AppStore|iPhoneSimulator.ActiveCfg = Release|Any CPU
		{6265DC6C-B268-4A12-8B83-9BD808DA0308}.AppStore|iPhoneSimulator.Build.0 = Release|Any CPU
		{6265DC6C-B268-4A12-8B83-9BD808DA0308}.AppStore|x64.ActiveCfg = Release|Any CPU
		{6265DC6C-B268-4A12-8B83-9BD808DA0308}.AppStore|x64.Build.0 = Release|Any CPU
		{6265DC6C-B268-4A12-8B83-9BD808DA0308}.AppStore|x86.ActiveCfg = Release|Any CPU
		{6265DC6C-B268-4A12-8B83-9BD808DA0308}.AppStore|x86.Build.0 = Release|Any CPU
		{6265DC6C-B268-4A12-8B83-9BD808DA0308}.Debug|Any CPU.ActiveCfg = Debug|Any CPU
		{6265DC6C-B268-4A12-8B83-9BD808DA0308}.Debug|Any CPU.Build.0 = Debug|Any CPU
		{6265DC6C-B268-4A12-8B83-9BD808DA0308}.Debug|ARM.ActiveCfg = Debug|Any CPU
		{6265DC6C-B268-4A12-8B83-9BD808DA0308}.Debug|ARM.Build.0 = Debug|Any CPU
		{6265DC6C-B268-4A12-8B83-9BD808DA0308}.Debug|iPhone.ActiveCfg = Debug|Any CPU
		{6265DC6C-B268-4A12-8B83-9BD808DA0308}.Debug|iPhone.Build.0 = Debug|Any CPU
		{6265DC6C-B268-4A12-8B83-9BD808DA0308}.Debug|iPhoneSimulator.ActiveCfg = Debug|Any CPU
		{6265DC6C-B268-4A12-8B83-9BD808DA0308}.Debug|iPhoneSimulator.Build.0 = Debug|Any CPU
		{6265DC6C-B268-4A12-8B83-9BD808DA0308}.Debug|x64.ActiveCfg = Debug|Any CPU
		{6265DC6C-B268-4A12-8B83-9BD808DA0308}.Debug|x64.Build.0 = Debug|Any CPU
		{6265DC6C-B268-4A12-8B83-9BD808DA0308}.Debug|x86.ActiveCfg = Debug|Any CPU
		{6265DC6C-B268-4A12-8B83-9BD808DA0308}.Debug|x86.Build.0 = Debug|Any CPU
		{6265DC6C-B268-4A12-8B83-9BD808DA0308}.Release|Any CPU.ActiveCfg = Release|Any CPU
		{6265DC6C-B268-4A12-8B83-9BD808DA0308}.Release|Any CPU.Build.0 = Release|Any CPU
		{6265DC6C-B268-4A12-8B83-9BD808DA0308}.Release|ARM.ActiveCfg = Release|Any CPU
		{6265DC6C-B268-4A12-8B83-9BD808DA0308}.Release|ARM.Build.0 = Release|Any CPU
		{6265DC6C-B268-4A12-8B83-9BD808DA0308}.Release|iPhone.ActiveCfg = Release|Any CPU
		{6265DC6C-B268-4A12-8B83-9BD808DA0308}.Release|iPhone.Build.0 = Release|Any CPU
		{6265DC6C-B268-4A12-8B83-9BD808DA0308}.Release|iPhoneSimulator.ActiveCfg = Release|Any CPU
		{6265DC6C-B268-4A12-8B83-9BD808DA0308}.Release|iPhoneSimulator.Build.0 = Release|Any CPU
		{6265DC6C-B268-4A12-8B83-9BD808DA0308}.Release|x64.ActiveCfg = Release|Any CPU
		{6265DC6C-B268-4A12-8B83-9BD808DA0308}.Release|x64.Build.0 = Release|Any CPU
		{6265DC6C-B268-4A12-8B83-9BD808DA0308}.Release|x86.ActiveCfg = Release|Any CPU
		{6265DC6C-B268-4A12-8B83-9BD808DA0308}.Release|x86.Build.0 = Release|Any CPU
		{508407E7-FCC3-49E7-BE65-6A5D352B3E4B}.Ad-Hoc|Any CPU.ActiveCfg = Release|x86
		{508407E7-FCC3-49E7-BE65-6A5D352B3E4B}.Ad-Hoc|Any CPU.Build.0 = Release|x86
		{508407E7-FCC3-49E7-BE65-6A5D352B3E4B}.Ad-Hoc|Any CPU.Deploy.0 = Release|x86
		{508407E7-FCC3-49E7-BE65-6A5D352B3E4B}.Ad-Hoc|ARM.ActiveCfg = Release|ARM
		{508407E7-FCC3-49E7-BE65-6A5D352B3E4B}.Ad-Hoc|ARM.Build.0 = Release|ARM
		{508407E7-FCC3-49E7-BE65-6A5D352B3E4B}.Ad-Hoc|ARM.Deploy.0 = Release|ARM
		{508407E7-FCC3-49E7-BE65-6A5D352B3E4B}.Ad-Hoc|iPhone.ActiveCfg = Release|x86
		{508407E7-FCC3-49E7-BE65-6A5D352B3E4B}.Ad-Hoc|iPhone.Build.0 = Release|x86
		{508407E7-FCC3-49E7-BE65-6A5D352B3E4B}.Ad-Hoc|iPhone.Deploy.0 = Release|x86
		{508407E7-FCC3-49E7-BE65-6A5D352B3E4B}.Ad-Hoc|iPhoneSimulator.ActiveCfg = Release|x86
		{508407E7-FCC3-49E7-BE65-6A5D352B3E4B}.Ad-Hoc|iPhoneSimulator.Build.0 = Release|x86
		{508407E7-FCC3-49E7-BE65-6A5D352B3E4B}.Ad-Hoc|iPhoneSimulator.Deploy.0 = Release|x86
		{508407E7-FCC3-49E7-BE65-6A5D352B3E4B}.Ad-Hoc|x64.ActiveCfg = Release|x64
		{508407E7-FCC3-49E7-BE65-6A5D352B3E4B}.Ad-Hoc|x64.Build.0 = Release|x64
		{508407E7-FCC3-49E7-BE65-6A5D352B3E4B}.Ad-Hoc|x64.Deploy.0 = Release|x64
		{508407E7-FCC3-49E7-BE65-6A5D352B3E4B}.Ad-Hoc|x86.ActiveCfg = Release|x86
		{508407E7-FCC3-49E7-BE65-6A5D352B3E4B}.Ad-Hoc|x86.Build.0 = Release|x86
		{508407E7-FCC3-49E7-BE65-6A5D352B3E4B}.Ad-Hoc|x86.Deploy.0 = Release|x86
		{508407E7-FCC3-49E7-BE65-6A5D352B3E4B}.AppStore|Any CPU.ActiveCfg = Release|x86
		{508407E7-FCC3-49E7-BE65-6A5D352B3E4B}.AppStore|Any CPU.Build.0 = Release|x86
		{508407E7-FCC3-49E7-BE65-6A5D352B3E4B}.AppStore|Any CPU.Deploy.0 = Release|x86
		{508407E7-FCC3-49E7-BE65-6A5D352B3E4B}.AppStore|ARM.ActiveCfg = Release|ARM
		{508407E7-FCC3-49E7-BE65-6A5D352B3E4B}.AppStore|ARM.Build.0 = Release|ARM
		{508407E7-FCC3-49E7-BE65-6A5D352B3E4B}.AppStore|ARM.Deploy.0 = Release|ARM
		{508407E7-FCC3-49E7-BE65-6A5D352B3E4B}.AppStore|iPhone.ActiveCfg = Release|x86
		{508407E7-FCC3-49E7-BE65-6A5D352B3E4B}.AppStore|iPhone.Build.0 = Release|x86
		{508407E7-FCC3-49E7-BE65-6A5D352B3E4B}.AppStore|iPhone.Deploy.0 = Release|x86
		{508407E7-FCC3-49E7-BE65-6A5D352B3E4B}.AppStore|iPhoneSimulator.ActiveCfg = Release|x86
		{508407E7-FCC3-49E7-BE65-6A5D352B3E4B}.AppStore|iPhoneSimulator.Build.0 = Release|x86
		{508407E7-FCC3-49E7-BE65-6A5D352B3E4B}.AppStore|iPhoneSimulator.Deploy.0 = Release|x86
		{508407E7-FCC3-49E7-BE65-6A5D352B3E4B}.AppStore|x64.ActiveCfg = Release|x64
		{508407E7-FCC3-49E7-BE65-6A5D352B3E4B}.AppStore|x64.Build.0 = Release|x64
		{508407E7-FCC3-49E7-BE65-6A5D352B3E4B}.AppStore|x64.Deploy.0 = Release|x64
		{508407E7-FCC3-49E7-BE65-6A5D352B3E4B}.AppStore|x86.ActiveCfg = Release|x86
		{508407E7-FCC3-49E7-BE65-6A5D352B3E4B}.AppStore|x86.Build.0 = Release|x86
		{508407E7-FCC3-49E7-BE65-6A5D352B3E4B}.AppStore|x86.Deploy.0 = Release|x86
		{508407E7-FCC3-49E7-BE65-6A5D352B3E4B}.Debug|Any CPU.ActiveCfg = Debug|x64
		{508407E7-FCC3-49E7-BE65-6A5D352B3E4B}.Debug|Any CPU.Build.0 = Debug|x64
		{508407E7-FCC3-49E7-BE65-6A5D352B3E4B}.Debug|Any CPU.Deploy.0 = Debug|x64
		{508407E7-FCC3-49E7-BE65-6A5D352B3E4B}.Debug|ARM.ActiveCfg = Debug|ARM
		{508407E7-FCC3-49E7-BE65-6A5D352B3E4B}.Debug|ARM.Build.0 = Debug|ARM
		{508407E7-FCC3-49E7-BE65-6A5D352B3E4B}.Debug|ARM.Deploy.0 = Debug|ARM
		{508407E7-FCC3-49E7-BE65-6A5D352B3E4B}.Debug|iPhone.ActiveCfg = Debug|x86
		{508407E7-FCC3-49E7-BE65-6A5D352B3E4B}.Debug|iPhoneSimulator.ActiveCfg = Debug|x86
		{508407E7-FCC3-49E7-BE65-6A5D352B3E4B}.Debug|x64.ActiveCfg = Debug|x64
		{508407E7-FCC3-49E7-BE65-6A5D352B3E4B}.Debug|x64.Build.0 = Debug|x64
		{508407E7-FCC3-49E7-BE65-6A5D352B3E4B}.Debug|x64.Deploy.0 = Debug|x64
		{508407E7-FCC3-49E7-BE65-6A5D352B3E4B}.Debug|x86.ActiveCfg = Debug|x86
		{508407E7-FCC3-49E7-BE65-6A5D352B3E4B}.Debug|x86.Build.0 = Debug|x86
		{508407E7-FCC3-49E7-BE65-6A5D352B3E4B}.Debug|x86.Deploy.0 = Debug|x86
		{508407E7-FCC3-49E7-BE65-6A5D352B3E4B}.Release|Any CPU.ActiveCfg = Release|x86
		{508407E7-FCC3-49E7-BE65-6A5D352B3E4B}.Release|ARM.ActiveCfg = Release|ARM
		{508407E7-FCC3-49E7-BE65-6A5D352B3E4B}.Release|ARM.Build.0 = Release|ARM
		{508407E7-FCC3-49E7-BE65-6A5D352B3E4B}.Release|ARM.Deploy.0 = Release|ARM
		{508407E7-FCC3-49E7-BE65-6A5D352B3E4B}.Release|iPhone.ActiveCfg = Release|x86
		{508407E7-FCC3-49E7-BE65-6A5D352B3E4B}.Release|iPhoneSimulator.ActiveCfg = Release|x86
		{508407E7-FCC3-49E7-BE65-6A5D352B3E4B}.Release|x64.ActiveCfg = Release|x64
		{508407E7-FCC3-49E7-BE65-6A5D352B3E4B}.Release|x64.Build.0 = Release|x64
		{508407E7-FCC3-49E7-BE65-6A5D352B3E4B}.Release|x64.Deploy.0 = Release|x64
		{508407E7-FCC3-49E7-BE65-6A5D352B3E4B}.Release|x86.ActiveCfg = Release|x86
		{508407E7-FCC3-49E7-BE65-6A5D352B3E4B}.Release|x86.Build.0 = Release|x86
		{508407E7-FCC3-49E7-BE65-6A5D352B3E4B}.Release|x86.Deploy.0 = Release|x86
		{BD08F472-46F4-4491-AC3C-F527215F12DA}.Ad-Hoc|Any CPU.ActiveCfg = Ad-Hoc|iPhone
		{BD08F472-46F4-4491-AC3C-F527215F12DA}.Ad-Hoc|ARM.ActiveCfg = Ad-Hoc|iPhone
		{BD08F472-46F4-4491-AC3C-F527215F12DA}.Ad-Hoc|iPhone.ActiveCfg = Ad-Hoc|iPhone
		{BD08F472-46F4-4491-AC3C-F527215F12DA}.Ad-Hoc|iPhone.Build.0 = Ad-Hoc|iPhone
		{BD08F472-46F4-4491-AC3C-F527215F12DA}.Ad-Hoc|iPhoneSimulator.ActiveCfg = Ad-Hoc|iPhoneSimulator
		{BD08F472-46F4-4491-AC3C-F527215F12DA}.Ad-Hoc|iPhoneSimulator.Build.0 = Ad-Hoc|iPhoneSimulator
		{BD08F472-46F4-4491-AC3C-F527215F12DA}.Ad-Hoc|x64.ActiveCfg = Ad-Hoc|iPhone
		{BD08F472-46F4-4491-AC3C-F527215F12DA}.Ad-Hoc|x86.ActiveCfg = Ad-Hoc|iPhone
		{BD08F472-46F4-4491-AC3C-F527215F12DA}.AppStore|Any CPU.ActiveCfg = AppStore|iPhone
		{BD08F472-46F4-4491-AC3C-F527215F12DA}.AppStore|ARM.ActiveCfg = AppStore|iPhone
		{BD08F472-46F4-4491-AC3C-F527215F12DA}.AppStore|iPhone.ActiveCfg = AppStore|iPhone
		{BD08F472-46F4-4491-AC3C-F527215F12DA}.AppStore|iPhone.Build.0 = AppStore|iPhone
		{BD08F472-46F4-4491-AC3C-F527215F12DA}.AppStore|iPhoneSimulator.ActiveCfg = AppStore|iPhoneSimulator
		{BD08F472-46F4-4491-AC3C-F527215F12DA}.AppStore|iPhoneSimulator.Build.0 = AppStore|iPhoneSimulator
		{BD08F472-46F4-4491-AC3C-F527215F12DA}.AppStore|x64.ActiveCfg = AppStore|iPhone
		{BD08F472-46F4-4491-AC3C-F527215F12DA}.AppStore|x86.ActiveCfg = AppStore|iPhone
		{BD08F472-46F4-4491-AC3C-F527215F12DA}.Debug|Any CPU.ActiveCfg = Debug|iPhone
		{BD08F472-46F4-4491-AC3C-F527215F12DA}.Debug|ARM.ActiveCfg = Debug|iPhone
		{BD08F472-46F4-4491-AC3C-F527215F12DA}.Debug|iPhone.ActiveCfg = Debug|iPhone
		{BD08F472-46F4-4491-AC3C-F527215F12DA}.Debug|iPhone.Build.0 = Debug|iPhone
		{BD08F472-46F4-4491-AC3C-F527215F12DA}.Debug|iPhoneSimulator.ActiveCfg = Debug|iPhoneSimulator
		{BD08F472-46F4-4491-AC3C-F527215F12DA}.Debug|iPhoneSimulator.Build.0 = Debug|iPhoneSimulator
		{BD08F472-46F4-4491-AC3C-F527215F12DA}.Debug|x64.ActiveCfg = Debug|iPhone
		{BD08F472-46F4-4491-AC3C-F527215F12DA}.Debug|x86.ActiveCfg = Debug|iPhone
		{BD08F472-46F4-4491-AC3C-F527215F12DA}.Release|Any CPU.ActiveCfg = Release|iPhone
		{BD08F472-46F4-4491-AC3C-F527215F12DA}.Release|ARM.ActiveCfg = Release|iPhone
		{BD08F472-46F4-4491-AC3C-F527215F12DA}.Release|iPhone.ActiveCfg = Release|iPhone
		{BD08F472-46F4-4491-AC3C-F527215F12DA}.Release|iPhone.Build.0 = Release|iPhone
		{BD08F472-46F4-4491-AC3C-F527215F12DA}.Release|iPhoneSimulator.ActiveCfg = Release|iPhoneSimulator
		{BD08F472-46F4-4491-AC3C-F527215F12DA}.Release|iPhoneSimulator.Build.0 = Release|iPhoneSimulator
		{BD08F472-46F4-4491-AC3C-F527215F12DA}.Release|x64.ActiveCfg = Release|iPhone
		{BD08F472-46F4-4491-AC3C-F527215F12DA}.Release|x86.ActiveCfg = Release|iPhone
	EndGlobalSection
	GlobalSection(SolutionProperties) = preSolution
		HideSolutionNode = FALSE
	EndGlobalSection
EndGlobal
